// !$*UTF8*$!
{
	archiveVersion = 1;
	classes = {
	};
	objectVersion = 46;
	objects = {

/* Begin PBXBuildFile section */
		3F613D4819591A510091F7AB /* AppDelegate.swift in Sources */ = {isa = PBXBuildFile; fileRef = 3F613D4719591A510091F7AB /* AppDelegate.swift */; };
		3F613D4A19591A510091F7AB /* Images.xcassets in Resources */ = {isa = PBXBuildFile; fileRef = 3F613D4919591A510091F7AB /* Images.xcassets */; };
		3F613D5619591A510091F7AB /* QuizTests.swift in Sources */ = {isa = PBXBuildFile; fileRef = 3F613D5519591A510091F7AB /* QuizTests.swift */; };
		3F613D6119591B3D0091F7AB /* QuizViewController.swift in Sources */ = {isa = PBXBuildFile; fileRef = 3F613D5F19591B3D0091F7AB /* QuizViewController.swift */; };
		3F613D6219591B3D0091F7AB /* QuizViewController.xib in Resources */ = {isa = PBXBuildFile; fileRef = 3F613D6019591B3D0091F7AB /* QuizViewController.xib */; };
		3F613D64195921DD0091F7AB /* README.md in Sources */ = {isa = PBXBuildFile; fileRef = 3F613D63195921DD0091F7AB /* README.md */; };
/* End PBXBuildFile section */

/* Begin PBXContainerItemProxy section */
		3F613D5019591A510091F7AB /* PBXContainerItemProxy */ = {
			isa = PBXContainerItemProxy;
			containerPortal = 3F613D3A19591A510091F7AB /* Project object */;
			proxyType = 1;
			remoteGlobalIDString = 3F613D4119591A510091F7AB;
			remoteInfo = Quiz;
		};
/* End PBXContainerItemProxy section */

/* Begin PBXFileReference section */
		3F613D4219591A510091F7AB /* Quiz.app */ = {isa = PBXFileReference; explicitFileType = wrapper.application; includeInIndex = 0; path = Quiz.app; sourceTree = BUILT_PRODUCTS_DIR; };
		3F613D4619591A510091F7AB /* Info.plist */ = {isa = PBXFileReference; lastKnownFileType = text.plist.xml; path = Info.plist; sourceTree = "<group>"; };
		3F613D4719591A510091F7AB /* AppDelegate.swift */ = {isa = PBXFileReference; lastKnownFileType = sourcecode.swift; path = AppDelegate.swift; sourceTree = "<group>"; };
		3F613D4919591A510091F7AB /* Images.xcassets */ = {isa = PBXFileReference; lastKnownFileType = folder.assetcatalog; path = Images.xcassets; sourceTree = "<group>"; };
		3F613D4F19591A510091F7AB /* QuizTests.xctest */ = {isa = PBXFileReference; explicitFileType = wrapper.cfbundle; includeInIndex = 0; path = QuizTests.xctest; sourceTree = BUILT_PRODUCTS_DIR; };
		3F613D5419591A510091F7AB /* Info.plist */ = {isa = PBXFileReference; lastKnownFileType = text.plist.xml; path = Info.plist; sourceTree = "<group>"; };
		3F613D5519591A510091F7AB /* QuizTests.swift */ = {isa = PBXFileReference; lastKnownFileType = sourcecode.swift; path = QuizTests.swift; sourceTree = "<group>"; };
		3F613D5F19591B3D0091F7AB /* QuizViewController.swift */ = {isa = PBXFileReference; fileEncoding = 4; lastKnownFileType = sourcecode.swift; path = QuizViewController.swift; sourceTree = "<group>"; };
		3F613D6019591B3D0091F7AB /* QuizViewController.xib */ = {isa = PBXFileReference; fileEncoding = 4; lastKnownFileType = file.xib; path = QuizViewController.xib; sourceTree = "<group>"; };
		3F613D63195921DD0091F7AB /* README.md */ = {isa = PBXFileReference; fileEncoding = 4; lastKnownFileType = net.daringfireball.markdown; path = README.md; sourceTree = "<group>"; };
/* End PBXFileReference section */

/* Begin PBXFrameworksBuildPhase section */
		3F613D3F19591A510091F7AB /* Frameworks */ = {
			isa = PBXFrameworksBuildPhase;
			buildActionMask = 2147483647;
			files = (
			);
			runOnlyForDeploymentPostprocessing = 0;
		};
		3F613D4C19591A510091F7AB /* Frameworks */ = {
			isa = PBXFrameworksBuildPhase;
			buildActionMask = 2147483647;
			files = (
			);
			runOnlyForDeploymentPostprocessing = 0;
		};
/* End PBXFrameworksBuildPhase section */

/* Begin PBXGroup section */
		3F613D3919591A510091F7AB = {
			isa = PBXGroup;
			children = (
				3F613D5F19591B3D0091F7AB /* QuizViewController.swift */,
				3F613D6019591B3D0091F7AB /* QuizViewController.xib */,
				3F613D63195921DD0091F7AB /* README.md */,
				3F613D4419591A510091F7AB /* Quiz */,
				3F613D5219591A510091F7AB /* QuizTests */,
				3F613D4319591A510091F7AB /* Products */,
			);
			sourceTree = "<group>";
		};
		3F613D4319591A510091F7AB /* Products */ = {
			isa = PBXGroup;
			children = (
				3F613D4219591A510091F7AB /* Quiz.app */,
				3F613D4F19591A510091F7AB /* QuizTests.xctest */,
			);
			name = Products;
			sourceTree = "<group>";
		};
		3F613D4419591A510091F7AB /* Quiz */ = {
			isa = PBXGroup;
			children = (
				3F613D4719591A510091F7AB /* AppDelegate.swift */,
				3F613D4919591A510091F7AB /* Images.xcassets */,
				3F613D4519591A510091F7AB /* Supporting Files */,
			);
			path = Quiz;
			sourceTree = "<group>";
		};
		3F613D4519591A510091F7AB /* Supporting Files */ = {
			isa = PBXGroup;
			children = (
				3F613D4619591A510091F7AB /* Info.plist */,
			);
			name = "Supporting Files";
			sourceTree = "<group>";
		};
		3F613D5219591A510091F7AB /* QuizTests */ = {
			isa = PBXGroup;
			children = (
				3F613D5519591A510091F7AB /* QuizTests.swift */,
				3F613D5319591A510091F7AB /* Supporting Files */,
			);
			path = QuizTests;
			sourceTree = "<group>";
		};
		3F613D5319591A510091F7AB /* Supporting Files */ = {
			isa = PBXGroup;
			children = (
				3F613D5419591A510091F7AB /* Info.plist */,
			);
			name = "Supporting Files";
			sourceTree = "<group>";
		};
/* End PBXGroup section */

/* Begin PBXNativeTarget section */
		3F613D4119591A510091F7AB /* Quiz */ = {
			isa = PBXNativeTarget;
			buildConfigurationList = 3F613D5919591A510091F7AB /* Build configuration list for PBXNativeTarget "Quiz" */;
			buildPhases = (
				3F613D3E19591A510091F7AB /* Sources */,
				3F613D3F19591A510091F7AB /* Frameworks */,
				3F613D4019591A510091F7AB /* Resources */,
			);
			buildRules = (
			);
			dependencies = (
			);
			name = Quiz;
			productName = Quiz;
			productReference = 3F613D4219591A510091F7AB /* Quiz.app */;
			productType = "com.apple.product-type.application";
		};
		3F613D4E19591A510091F7AB /* QuizTests */ = {
			isa = PBXNativeTarget;
			buildConfigurationList = 3F613D5C19591A510091F7AB /* Build configuration list for PBXNativeTarget "QuizTests" */;
			buildPhases = (
				3F613D4B19591A510091F7AB /* Sources */,
				3F613D4C19591A510091F7AB /* Frameworks */,
				3F613D4D19591A510091F7AB /* Resources */,
			);
			buildRules = (
			);
			dependencies = (
				3F613D5119591A510091F7AB /* PBXTargetDependency */,
			);
			name = QuizTests;
			productName = QuizTests;
			productReference = 3F613D4F19591A510091F7AB /* QuizTests.xctest */;
			productType = "com.apple.product-type.bundle.unit-test";
		};
/* End PBXNativeTarget section */

/* Begin PBXProject section */
		3F613D3A19591A510091F7AB /* Project object */ = {
			isa = PBXProject;
			attributes = {
				LastUpgradeCheck = 0600;
				ORGANIZATIONNAME = "Matthew Rieger";
				TargetAttributes = {
					3F613D4119591A510091F7AB = {
						CreatedOnToolsVersion = 6.0;
					};
					3F613D4E19591A510091F7AB = {
						CreatedOnToolsVersion = 6.0;
						TestTargetID = 3F613D4119591A510091F7AB;
					};
				};
			};
			buildConfigurationList = 3F613D3D19591A510091F7AB /* Build configuration list for PBXProject "Quiz" */;
			compatibilityVersion = "Xcode 3.2";
			developmentRegion = English;
			hasScannedForEncodings = 0;
			knownRegions = (
				en,
			);
			mainGroup = 3F613D3919591A510091F7AB;
			productRefGroup = 3F613D4319591A510091F7AB /* Products */;
			projectDirPath = "";
			projectRoot = "";
			targets = (
				3F613D4119591A510091F7AB /* Quiz */,
				3F613D4E19591A510091F7AB /* QuizTests */,
			);
		};
/* End PBXProject section */

/* Begin PBXResourcesBuildPhase section */
		3F613D4019591A510091F7AB /* Resources */ = {
			isa = PBXResourcesBuildPhase;
			buildActionMask = 2147483647;
			files = (
				3F613D4A19591A510091F7AB /* Images.xcassets in Resources */,
				3F613D6219591B3D0091F7AB /* QuizViewController.xib in Resources */,
			);
			runOnlyForDeploymentPostprocessing = 0;
		};
		3F613D4D19591A510091F7AB /* Resources */ = {
			isa = PBXResourcesBuildPhase;
			buildActionMask = 2147483647;
			files = (
			);
			runOnlyForDeploymentPostprocessing = 0;
		};
/* End PBXResourcesBuildPhase section */

/* Begin PBXSourcesBuildPhase section */
		3F613D3E19591A510091F7AB /* Sources */ = {
			isa = PBXSourcesBuildPhase;
			buildActionMask = 2147483647;
			files = (
				3F613D64195921DD0091F7AB /* README.md in Sources */,
				3F613D4819591A510091F7AB /* AppDelegate.swift in Sources */,
				3F613D6119591B3D0091F7AB /* QuizViewController.swift in Sources */,
			);
			runOnlyForDeploymentPostprocessing = 0;
		};
		3F613D4B19591A510091F7AB /* Sources */ = {
			isa = PBXSourcesBuildPhase;
			buildActionMask = 2147483647;
			files = (
				3F613D5619591A510091F7AB /* QuizTests.swift in Sources */,
			);
			runOnlyForDeploymentPostprocessing = 0;
		};
/* End PBXSourcesBuildPhase section */

/* Begin PBXTargetDependency section */
		3F613D5119591A510091F7AB /* PBXTargetDependency */ = {
			isa = PBXTargetDependency;
			target = 3F613D4119591A510091F7AB /* Quiz */;
			targetProxy = 3F613D5019591A510091F7AB /* PBXContainerItemProxy */;
		};
/* End PBXTargetDependency section */

/* Begin XCBuildConfiguration section */
		3F613D5719591A510091F7AB /* Debug */ = {
			isa = XCBuildConfiguration;
			buildSettings = {
				ALWAYS_SEARCH_USER_PATHS = NO;
				CLANG_CXX_LANGUAGE_STANDARD = "gnu++0x";
				CLANG_CXX_LIBRARY = "libc++";
				CLANG_ENABLE_MODULES = YES;
				CLANG_ENABLE_OBJC_ARC = YES;
				CLANG_WARN_BOOL_CONVERSION = YES;
				CLANG_WARN_CONSTANT_CONVERSION = YES;
				CLANG_WARN_DIRECT_OBJC_ISA_USAGE = YES_ERROR;
				CLANG_WARN_EMPTY_BODY = YES;
				CLANG_WARN_ENUM_CONVERSION = YES;
				CLANG_WARN_INT_CONVERSION = YES;
				CLANG_WARN_OBJC_ROOT_CLASS = YES_ERROR;
				CLANG_WARN_UNREACHABLE_CODE = YES;
				CLANG_WARN__DUPLICATE_METHOD_MATCH = YES;
				"CODE_SIGN_IDENTITY[sdk=iphoneos*]" = "iPhone Developer";
				COPY_PHASE_STRIP = NO;
				ENABLE_STRICT_OBJC_MSGSEND = YES;
				GCC_C_LANGUAGE_STANDARD = gnu99;
				GCC_DYNAMIC_NO_PIC = NO;
				GCC_OPTIMIZATION_LEVEL = 0;
				GCC_PREPROCESSOR_DEFINITIONS = (
					"DEBUG=1",
					"$(inherited)",
				);
				GCC_SYMBOLS_PRIVATE_EXTERN = NO;
				GCC_WARN_64_TO_32_BIT_CONVERSION = YES;
				GCC_WARN_ABOUT_RETURN_TYPE = YES_ERROR;
				GCC_WARN_UNDECLARED_SELECTOR = YES;
				GCC_WARN_UNINITIALIZED_AUTOS = YES_AGGRESSIVE;
				GCC_WARN_UNUSED_FUNCTION = YES;
				GCC_WARN_UNUSED_VARIABLE = YES;
				IPHONEOS_DEPLOYMENT_TARGET = 8.0;
				METAL_ENABLE_DEBUG_INFO = YES;
				ONLY_ACTIVE_ARCH = YES;
				SDKROOT = iphoneos;
				SWIFT_OPTIMIZATION_LEVEL = "-Onone";
			};
			name = Debug;
		};
		3F613D5819591A510091F7AB /* Release */ = {
			isa = XCBuildConfiguration;
			buildSettings = {
				ALWAYS_SEARCH_USER_PATHS = NO;
				CLANG_CXX_LANGUAGE_STANDARD = "gnu++0x";
				CLANG_CXX_LIBRARY = "libc++";
				CLANG_ENABLE_MODULES = YES;
				CLANG_ENABLE_OBJC_ARC = YES;
				CLANG_WARN_BOOL_CONVERSION = YES;
				CLANG_WARN_CONSTANT_CONVERSION = YES;
				CLANG_WARN_DIRECT_OBJC_ISA_USAGE = YES_ERROR;
				CLANG_WARN_EMPTY_BODY = YES;
				CLANG_WARN_ENUM_CONVERSION = YES;
				CLANG_WARN_INT_CONVERSION = YES;
				CLANG_WARN_OBJC_ROOT_CLASS = YES_ERROR;
				CLANG_WARN_UNREACHABLE_CODE = YES;
				CLANG_WARN__DUPLICATE_METHOD_MATCH = YES;
				"CODE_SIGN_IDENTITY[sdk=iphoneos*]" = "iPhone Developer";
				COPY_PHASE_STRIP = YES;
				ENABLE_NS_ASSERTIONS = NO;
				ENABLE_STRICT_OBJC_MSGSEND = YES;
				GCC_C_LANGUAGE_STANDARD = gnu99;
				GCC_WARN_64_TO_32_BIT_CONVERSION = YES;
				GCC_WARN_ABOUT_RETURN_TYPE = YES_ERROR;
				GCC_WARN_UNDECLARED_SELECTOR = YES;
				GCC_WARN_UNINITIALIZED_AUTOS = YES_AGGRESSIVE;
				GCC_WARN_UNUSED_FUNCTION = YES;
				GCC_WARN_UNUSED_VARIABLE = YES;
				IPHONEOS_DEPLOYMENT_TARGET = 8.0;
				METAL_ENABLE_DEBUG_INFO = NO;
				SDKROOT = iphoneos;
				VALIDATE_PRODUCT = YES;
			};
			name = Release;
		};
		3F613D5A19591A510091F7AB /* Debug */ = {
			isa = XCBuildConfiguration;
			buildSettings = {
				ASSETCATALOG_COMPILER_APPICON_NAME = AppIcon;
				ASSETCATALOG_COMPILER_LAUNCHIMAGE_NAME = LaunchImage;
				INFOPLIST_FILE = Quiz/Info.plist;
				LD_RUNPATH_SEARCH_PATHS = "$(inherited) @executable_path/Frameworks";
				PRODUCT_NAME = "$(TARGET_NAME)";
			};
			name = Debug;
		};
		3F613D5B19591A510091F7AB /* Release */ = {
			isa = XCBuildConfiguration;
			buildSettings = {
				ASSETCATALOG_COMPILER_APPICON_NAME = AppIcon;
				ASSETCATALOG_COMPILER_LAUNCHIMAGE_NAME = LaunchImage;
				INFOPLIST_FILE = Quiz/Info.plist;
				LD_RUNPATH_SEARCH_PATHS = "$(inherited) @executable_path/Frameworks";
				PRODUCT_NAME = "$(TARGET_NAME)";
			};
			name = Release;
		};
		3F613D5D19591A510091F7AB /* Debug */ = {
			isa = XCBuildConfiguration;
			buildSettings = {
				BUNDLE_LOADER = "$(BUILT_PRODUCTS_DIR)/Quiz.app/Quiz";
				FRAMEWORK_SEARCH_PATHS = (
					"$(SDKROOT)/Developer/Library/Frameworks",
					"$(inherited)",
				);
				GCC_PREPROCESSOR_DEFINITIONS = (
					"DEBUG=1",
					"$(inherited)",
				);
				INFOPLIST_FILE = QuizTests/Info.plist;
				LD_RUNPATH_SEARCH_PATHS = "$(inherited) @executable_path/Frameworks @loader_path/Frameworks";
				METAL_ENABLE_DEBUG_INFO = YES;
				PRODUCT_NAME = "$(TARGET_NAME)";
				TEST_HOST = "$(BUNDLE_LOADER)";
			};
			name = Debug;
		};
		3F613D5E19591A510091F7AB /* Release */ = {
			isa = XCBuildConfiguration;
			buildSettings = {
				BUNDLE_LOADER = "$(BUILT_PRODUCTS_DIR)/Quiz.app/Quiz";
				FRAMEWORK_SEARCH_PATHS = (
					"$(SDKROOT)/Developer/Library/Frameworks",
					"$(inherited)",
				);
				INFOPLIST_FILE = QuizTests/Info.plist;
				LD_RUNPATH_SEARCH_PATHS = "$(inherited) @executable_path/Frameworks @loader_path/Frameworks";
				METAL_ENABLE_DEBUG_INFO = NO;
				PRODUCT_NAME = "$(TARGET_NAME)";
				TEST_HOST = "$(BUNDLE_LOADER)";
			};
			name = Release;
		};
/* End XCBuildConfiguration section */

/* Begin XCConfigurationList section */
		3F613D3D19591A510091F7AB /* Build configuration list for PBXProject "Quiz" */ = {
			isa = XCConfigurationList;
			buildConfigurations = (
				3F613D5719591A510091F7AB /* Debug */,
				3F613D5819591A510091F7AB /* Release */,
			);
			defaultConfigurationIsVisible = 0;
			defaultConfigurationName = Release;
		};
		3F613D5919591A510091F7AB /* Build configuration list for PBXNativeTarget "Quiz" */ = {
			isa = XCConfigurationList;
			buildConfigurations = (
				3F613D5A19591A510091F7AB /* Debug */,
				3F613D5B19591A510091F7AB /* Release */,
			);
			defaultConfigurationIsVisible = 0;
			defaultConfigurationName = Release;
		};
		3F613D5C19591A510091F7AB /* Build configuration list for PBXNativeTarget "QuizTests" */ = {
			isa = XCConfigurationList;
			buildConfigurations = (
				3F613D5D19591A510091F7AB /* Debug */,
				3F613D5E19591A510091F7AB /* Release */,
			);
			defaultConfigurationIsVisible = 0;
			defaultConfigurationName = Release;
		};
/* End XCConfigurationList section */
	};
	rootObject = 3F613D3A19591A510091F7AB /* Project object */;
}
